
Microsoft Visual Studio Solution File, Format Version 12.00
# Visual Studio Version 17
VisualStudioVersion = 17.4.33213.308
MinimumVisualStudioVersion = 10.0.40219.1
Project("{FAE04EC0-301F-11D3-BF4B-00C04F79EFBC}") = "Flare", "Flare\Flare.csproj", "{B88D100B-FD91-4B5E-BCF8-17E27C880C1C}"
EndProject
Global
	GlobalSection(SolutionConfigurationPlatforms) = preSolution
		Debug|Any CPU = Debug|Any CPU
		Release|Any CPU = Release|Any CPU
	EndGlobalSection
	GlobalSection(ProjectConfigurationPlatforms) = postSolution
		{B88D100B-FD91-4B5E-BCF8-17E27C880C1C}.Debug|Any CPU.ActiveCfg = Debug|Any CPU
		{B88D100B-FD91-4B5E-BCF8-17E27C880C1C}.Debug|Any CPU.Build.0 = Debug|Any CPU
		{B88D100B-FD91-4B5E-BCF8-17E27C880C1C}.Release|Any CPU.ActiveCfg = Release|Any CPU
		{B88D100B-FD91-4B5E-BCF8-17E27C880C1C}.Release|Any CPU.Build.0 = Release|Any CPU
	EndGlobalSection
	GlobalSection(SolutionProperties) = preSolution
		HideSolutionNode = FALSE
	EndGlobalSection
	GlobalSection(ExtensibilityGlobals) = postSolution
		SolutionGuid = {7CF0B43A-DE1B-4B1B-8A7D-4B84D00CC5B0}
	EndGlobalSection
EndGlobal
